<?xml version="1.0" encoding="utf-8"?>
<Project ToolsVersion="4.0" xmlns="http://schemas.microsoft.com/developer/msbuild/2003">
  <ItemGroup>
    <Filter Include="源文件">
      <UniqueIdentifier>{4FC737F1-C7A5-4376-A066-2A32D752A2FF}</UniqueIdentifier>
      <Extensions>cpp;c;cc;cxx;def;odl;idl;hpj;bat;asm;asmx</Extensions>
    </Filter>
    <Filter Include="头文件">
      <UniqueIdentifier>{93995380-89BD-4b04-88EB-625FBE52EBFB}</UniqueIdentifier>
      <Extensions>h;hh;hpp;hxx;hm;inl;inc;xsd</Extensions>
    </Filter>
    <Filter Include="资源文件">
      <UniqueIdentifier>{67DA6AB6-F800-4c08-8B7A-83BB121AAD01}</UniqueIdentifier>
      <Extensions>rc;ico;cur;bmp;dlg;rc2;rct;bin;rgs;gif;jpg;jpeg;jpe;resx;tiff;tif;png;wav;mfcribbon-ms</Extensions>
    </Filter>
  </ItemGroup>
  <ItemGroup>
    <Text Include="ReadMe.txt" />
  </ItemGroup>
  <ItemGroup>
    <ClInclude Include="SawChain_Check.h">
      <Filter>头文件</Filter>
    </ClInclude>
    <ClInclude Include="stdafx.h">
      <Filter>头文件</Filter>
    </ClInclude>
    <ClInclude Include="targetver.h">
      <Filter>头文件</Filter>
    </ClInclude>
    <ClInclude Include="MainFrm.h">
      <Filter>头文件</Filter>
    </ClInclude>
    <ClInclude Include="SawChain_CheckDoc.h">
      <Filter>头文件</Filter>
    </ClInclude>
    <ClInclude Include="SawChain_CheckView.h">
      <Filter>头文件</Filter>
    </ClInclude>
    <ClInclude Include="Resource.h">
      <Filter>头文件</Filter>
    </ClInclude>
    <ClInclude Include="SawChainMachine.h">
      <Filter>头文件</Filter>
    </ClInclude>
    <ClInclude Include="MotionCard.h">
      <Filter>头文件</Filter>
    </ClInclude>
    <ClInclude Include="DMC1380Card.h">
      <Filter>头文件</Filter>
    </ClInclude>
    <ClInclude Include="globle.h">
      <Filter>头文件</Filter>
    </ClInclude>
    <ClInclude Include="Controller.h">
      <Filter>头文件</Filter>
    </ClInclude>
    <ClInclude Include="Tool.h">
      <Filter>头文件</Filter>
    </ClInclude>
    <ClInclude Include="third_party\Preferences\Preferences.h">
      <Filter>头文件</Filter>
    </ClInclude>
    <ClInclude Include="third_party\DMC1380\Dmc1380.h">
      <Filter>头文件</Filter>
    </ClInclude>
    <ClInclude Include="ImageCard.h">
      <Filter>头文件</Filter>
    </ClInclude>
    <ClInclude Include="TopView.h">
      <Filter>头文件</Filter>
    </ClInclude>
    <ClInclude Include="BottomView.h">
      <Filter>头文件</Filter>
    </ClInclude>
    <ClInclude Include="Operation.h">
      <Filter>头文件</Filter>
    </ClInclude>
    <ClInclude Include="TabControl.h">
      <Filter>头文件</Filter>
    </ClInclude>
    <ClInclude Include="MainControl.h">
      <Filter>头文件</Filter>
    </ClInclude>
    <ClInclude Include="BottomDlg.h">
      <Filter>头文件</Filter>
    </ClInclude>
    <ClInclude Include="TopCamDlg.h">
      <Filter>头文件</Filter>
    </ClInclude>
    <ClInclude Include="third_party\basler\Basler.h">
      <Filter>头文件</Filter>
    </ClInclude>
    <ClInclude Include="Instruction.h">
      <Filter>头文件</Filter>
    </ClInclude>
    <ClInclude Include="Lock.h">
      <Filter>头文件</Filter>
    </ClInclude>
  </ItemGroup>
  <ItemGroup>
    <ClCompile Include="SawChain_Check.cpp">
      <Filter>源文件</Filter>
    </ClCompile>
    <ClCompile Include="stdafx.cpp">
      <Filter>源文件</Filter>
    </ClCompile>
    <ClCompile Include="MainFrm.cpp">
      <Filter>源文件</Filter>
    </ClCompile>
    <ClCompile Include="SawChain_CheckDoc.cpp">
      <Filter>源文件</Filter>
    </ClCompile>
    <ClCompile Include="SawChain_CheckView.cpp">
      <Filter>源文件</Filter>
    </ClCompile>
    <ClCompile Include="SawChainMachine.cpp">
      <Filter>源文件</Filter>
    </ClCompile>
    <ClCompile Include="MotionCard.cpp">
      <Filter>源文件</Filter>
    </ClCompile>
    <ClCompile Include="DMC1380Card.cpp">
      <Filter>源文件</Filter>
    </ClCompile>
    <ClCompile Include="Controller.cpp">
      <Filter>源文件</Filter>
    </ClCompile>
    <ClCompile Include="third_party\Preferences\Preferences.cpp">
      <Filter>源文件</Filter>
    </ClCompile>
    <ClCompile Include="globle.cpp">
      <Filter>源文件</Filter>
    </ClCompile>
    <ClCompile Include="ImageCard.cpp">
      <Filter>源文件</Filter>
    </ClCompile>
    <ClCompile Include="TopView.cpp">
      <Filter>源文件</Filter>
    </ClCompile>
    <ClCompile Include="BottomView.cpp">
      <Filter>源文件</Filter>
    </ClCompile>
    <ClCompile Include="Operation.cpp">
      <Filter>源文件</Filter>
    </ClCompile>
    <ClCompile Include="TabControl.cpp">
      <Filter>源文件</Filter>
    </ClCompile>
    <ClCompile Include="MainControl.cpp">
      <Filter>源文件</Filter>
    </ClCompile>
    <ClCompile Include="BottomDlg.cpp">
      <Filter>源文件</Filter>
    </ClCompile>
    <ClCompile Include="TopCamDlg.cpp">
      <Filter>源文件</Filter>
    </ClCompile>
    <ClCompile Include="third_party\basler\Basler.cpp">
      <Filter>源文件</Filter>
    </ClCompile>
    <ClCompile Include="Instruction.cpp">
      <Filter>源文件</Filter>
    </ClCompile>
    <ClCompile Include="Lock.cpp">
      <Filter>源文件</Filter>
    </ClCompile>
  </ItemGroup>
  <ItemGroup>
    <ResourceCompile Include="SawChain_Check.rc">
      <Filter>资源文件</Filter>
    </ResourceCompile>
  </ItemGroup>
  <ItemGroup>
    <Image Include="res\buttons.bmp">
      <Filter>资源文件</Filter>
    </Image>
    <Image Include="res\filelarge.bmp">
      <Filter>资源文件</Filter>
    </Image>
    <Image Include="res\filesmall.bmp">
      <Filter>资源文件</Filter>
    </Image>
    <Image Include="res\main.bmp">
      <Filter>资源文件</Filter>
    </Image>
    <Image Include="res\writelarge.bmp">
      <Filter>资源文件</Filter>
    </Image>
    <Image Include="res\writesmall.bmp">
      <Filter>资源文件</Filter>
    </Image>
    <Image Include="res\SawChain_CheckDoc.ico">
      <Filter>资源文件</Filter>
    </Image>
    <Image Include="res\SawChain_Check.ico">
      <Filter>资源文件</Filter>
    </Image>
    <Image Include="res\Toolbar.bmp">
      <Filter>资源文件</Filter>
    </Image>
    <Image Include="res\Toolbar256.bmp">
      <Filter>资源文件</Filter>
    </Image>
  </ItemGroup>
  <ItemGroup>
    <None Include="res\ribbon.mfcribbon-ms">
      <Filter>资源文件</Filter>
    </None>
    <None Include="res\SawChain_Check.rc2">
      <Filter>资源文件</Filter>
    </None>
  </ItemGroup>
  <ItemGroup>
    <Library Include="third_party\lib\halcon\x64\halconcpp.lib" />
    <Library Include="third_party\lib\halcon\x86\halconcpp.lib" />
    <Library Include="third_party\DMC1380\x64\Dmc1380.lib" />
    <Library Include="third_party\DMC1380\x86\Dmc1380.lib" />
    <Library Include="third_party\basler\lib\x64\PylonC_MD_VC120.lib" />
    <Library Include="third_party\basler\lib\Win32\PylonC_MD_VC120.lib" />
  </ItemGroup>
</Project>